
Microsoft Visual Studio Solution File, Format Version 12.00
# Visual Studio Version 17
VisualStudioVersion = 17.10.34607.79
MinimumVisualStudioVersion = 10.0.40219.1
Project("{9A19103F-16F7-4668-BE54-9A1E7A4F7556}") = "CodeGen", "CodeGen\CodeGen.csproj", "{CF762CB7-1FE1-4646-A408-EDF16D948731}"
EndProject
Project("{9A19103F-16F7-4668-BE54-9A1E7A4F7556}") = "WebUILib", "WebUILib\WebUILib.csproj", "{EF245687-D1D4-42A1-BED0-83A828C0690B}"
EndProject
Project("{9A19103F-16F7-4668-BE54-9A1E7A4F7556}") = "WPFSampleApp", "WPFSampleApp\WPFSampleApp.csproj", "{C5B644B6-526F-47C0-9C5F-4244C6923881}"
EndProject
Project("{FAE04EC0-301F-11D3-BF4B-00C04F79EFBC}") = "ConsoleSampleApp", "ConsoleSampleApp\ConsoleSampleApp.csproj", "{E9806DB0-09FD-482A-8B95-280972E786BF}"
EndProject
Global
	GlobalSection(SolutionConfigurationPlatforms) = preSolution
		Debug|Any CPU = Debug|Any CPU
		Release|Any CPU = Release|Any CPU
	EndGlobalSection
	GlobalSection(ProjectConfigurationPlatforms) = postSolution
		{CF762CB7-1FE1-4646-A408-EDF16D948731}.Debug|Any CPU.ActiveCfg = Debug|Any CPU
		{CF762CB7-1FE1-4646-A408-EDF16D948731}.Debug|Any CPU.Build.0 = Debug|Any CPU
		{CF762CB7-1FE1-4646-A408-EDF16D948731}.Release|Any CPU.ActiveCfg = Release|Any CPU
		{CF762CB7-1FE1-4646-A408-EDF16D948731}.Release|Any CPU.Build.0 = Release|Any CPU
		{EF245687-D1D4-42A1-BED0-83A828C0690B}.Debug|Any CPU.ActiveCfg = Debug|Any CPU
		{EF245687-D1D4-42A1-BED0-83A828C0690B}.Debug|Any CPU.Build.0 = Debug|Any CPU
		{EF245687-D1D4-42A1-BED0-83A828C0690B}.Release|Any CPU.ActiveCfg = Release|Any CPU
		{EF245687-D1D4-42A1-BED0-83A828C0690B}.Release|Any CPU.Build.0 = Release|Any CPU
		{C5B644B6-526F-47C0-9C5F-4244C6923881}.Debug|Any CPU.ActiveCfg = Debug|Any CPU
		{C5B644B6-526F-47C0-9C5F-4244C6923881}.Debug|Any CPU.Build.0 = Debug|Any CPU
		{C5B644B6-526F-47C0-9C5F-4244C6923881}.Release|Any CPU.ActiveCfg = Release|Any CPU
		{C5B644B6-526F-47C0-9C5F-4244C6923881}.Release|Any CPU.Build.0 = Release|Any CPU
		{E9806DB0-09FD-482A-8B95-280972E786BF}.Debug|Any CPU.ActiveCfg = Debug|Any CPU
		{E9806DB0-09FD-482A-8B95-280972E786BF}.Debug|Any CPU.Build.0 = Debug|Any CPU
		{E9806DB0-09FD-482A-8B95-280972E786BF}.Release|Any CPU.ActiveCfg = Release|Any CPU
		{E9806DB0-09FD-482A-8B95-280972E786BF}.Release|Any CPU.Build.0 = Release|Any CPU
	EndGlobalSection
	GlobalSection(SolutionProperties) = preSolution
		HideSolutionNode = FALSE
	EndGlobalSection
	GlobalSection(ExtensibilityGlobals) = postSolution
		SolutionGuid = {FC5AA0B1-F237-43E7-8C61-F354602F02F7}
	EndGlobalSection
EndGlobal
